// !$*UTF8*$!
{
	archiveVersion = 1;
	classes = {
	};
	objectVersion = 56;
	objects = {

/* Begin PBXBuildFile section */
		6009233F2A0A8C4D00CE8562 /* SplashScreen.swift in Sources */ = {isa = PBXBuildFile; fileRef = 6009233E2A0A8C4D00CE8562 /* SplashScreen.swift */; };
		600923422A0A954E00CE8562 /* LandingScreen.swift in Sources */ = {isa = PBXBuildFile; fileRef = 600923412A0A954E00CE8562 /* LandingScreen.swift */; };
		600923452A0A9EF300CE8562 /* LoginScreen.swift in Sources */ = {isa = PBXBuildFile; fileRef = 600923442A0A9EF300CE8562 /* LoginScreen.swift */; };
		600923472A0B321600CE8562 /* TabViewModel.swift in Sources */ = {isa = PBXBuildFile; fileRef = 600923462A0B321600CE8562 /* TabViewModel.swift */; };
		603EED332A092D8400EC9C2E /* ProfileViewModel.swift in Sources */ = {isa = PBXBuildFile; fileRef = 603EED322A092D8400EC9C2E /* ProfileViewModel.swift */; };
		603EED352A092E6B00EC9C2E /* CircularRankIndicator.swift in Sources */ = {isa = PBXBuildFile; fileRef = 603EED342A092E6B00EC9C2E /* CircularRankIndicator.swift */; };
		603EED372A092FAA00EC9C2E /* RankingRateCircularBar.swift in Sources */ = {isa = PBXBuildFile; fileRef = 603EED362A092FAA00EC9C2E /* RankingRateCircularBar.swift */; };
		603EED392A0930C600EC9C2E /* ActivityGauge.swift in Sources */ = {isa = PBXBuildFile; fileRef = 603EED382A0930C600EC9C2E /* ActivityGauge.swift */; };
		603EED3B2A09335B00EC9C2E /* ProgressDetails.swift in Sources */ = {isa = PBXBuildFile; fileRef = 603EED3A2A09335B00EC9C2E /* ProgressDetails.swift */; };
		603EED3D2A0933F400EC9C2E /* ProfileAvatar.swift in Sources */ = {isa = PBXBuildFile; fileRef = 603EED3C2A0933F400EC9C2E /* ProfileAvatar.swift */; };
		606F08D62A01DB0100CC3995 /* DailyTraining_SwiftUIApp.swift in Sources */ = {isa = PBXBuildFile; fileRef = 606F08D52A01DB0100CC3995 /* DailyTraining_SwiftUIApp.swift */; };
		606F08D82A01DB0100CC3995 /* ContentView.swift in Sources */ = {isa = PBXBuildFile; fileRef = 606F08D72A01DB0100CC3995 /* ContentView.swift */; };
		606F08DA2A01DB0400CC3995 /* Assets.xcassets in Resources */ = {isa = PBXBuildFile; fileRef = 606F08D92A01DB0400CC3995 /* Assets.xcassets */; };
		606F08DD2A01DB0400CC3995 /* Preview Assets.xcassets in Resources */ = {isa = PBXBuildFile; fileRef = 606F08DC2A01DB0400CC3995 /* Preview Assets.xcassets */; };
		606F08E72A01DB0400CC3995 /* DailyTraining_SwiftUITests.swift in Sources */ = {isa = PBXBuildFile; fileRef = 606F08E62A01DB0400CC3995 /* DailyTraining_SwiftUITests.swift */; };
		606F08F12A01DB0400CC3995 /* DailyTraining_SwiftUIUITests.swift in Sources */ = {isa = PBXBuildFile; fileRef = 606F08F02A01DB0400CC3995 /* DailyTraining_SwiftUIUITests.swift */; };
		606F08F32A01DB0400CC3995 /* DailyTraining_SwiftUIUITestsLaunchTests.swift in Sources */ = {isa = PBXBuildFile; fileRef = 606F08F22A01DB0400CC3995 /* DailyTraining_SwiftUIUITestsLaunchTests.swift */; };
		607C14302A0895EE00DE12F0 /* TestView.swift in Sources */ = {isa = PBXBuildFile; fileRef = 607C142F2A0895EE00DE12F0 /* TestView.swift */; };
		6090BEEF2A03F1780043B1AE /* MessagingUsersData.json in Resources */ = {isa = PBXBuildFile; fileRef = 6090BEEE2A03F1780043B1AE /* MessagingUsersData.json */; };
		6090BEF22A03F2320043B1AE /* Helpers.swift in Sources */ = {isa = PBXBuildFile; fileRef = 6090BEF12A03F2320043B1AE /* Helpers.swift */; };
		6090BEF42A03F62A0043B1AE /* MessagingUsersViewModel.swift in Sources */ = {isa = PBXBuildFile; fileRef = 6090BEF32A03F62A0043B1AE /* MessagingUsersViewModel.swift */; };
		6090BEF62A03F8420043B1AE /* ChatUserRow.swift in Sources */ = {isa = PBXBuildFile; fileRef = 6090BEF52A03F8420043B1AE /* ChatUserRow.swift */; };
		6090BEF82A0486CF0043B1AE /* NotificationsViewModel.swift in Sources */ = {isa = PBXBuildFile; fileRef = 6090BEF72A0486CF0043B1AE /* NotificationsViewModel.swift */; };
		6090BEFA2A048F8B0043B1AE /* NotificationRow.swift in Sources */ = {isa = PBXBuildFile; fileRef = 6090BEF92A048F8B0043B1AE /* NotificationRow.swift */; };
		60A507B52A0D2E22004D9586 /* FileLoaderError.swift in Sources */ = {isa = PBXBuildFile; fileRef = 60A507B42A0D2E22004D9586 /* FileLoaderError.swift */; };
		60A507B72A0D45DC004D9586 /* APIService+Extension.swift in Sources */ = {isa = PBXBuildFile; fileRef = 60A507B62A0D45DC004D9586 /* APIService+Extension.swift */; };
		60A507B92A0D4632004D9586 /* FileLoader+Extension.swift in Sources */ = {isa = PBXBuildFile; fileRef = 60A507B82A0D4632004D9586 /* FileLoader+Extension.swift */; };
		60A5E0AD2A0C6B3600C8A9B1 /* APIError.swift in Sources */ = {isa = PBXBuildFile; fileRef = 60A5E0AC2A0C6B3600C8A9B1 /* APIError.swift */; };
		60A5E0AF2A0C6C0900C8A9B1 /* APIService.swift in Sources */ = {isa = PBXBuildFile; fileRef = 60A5E0AE2A0C6C0900C8A9B1 /* APIService.swift */; };
		60A5E0B22A0C6D4C00C8A9B1 /* Fetchers.swift in Sources */ = {isa = PBXBuildFile; fileRef = 60A5E0B12A0C6D4C00C8A9B1 /* Fetchers.swift */; };
		60A5E0B42A0C704F00C8A9B1 /* Breed.swift in Sources */ = {isa = PBXBuildFile; fileRef = 60A5E0B32A0C704F00C8A9B1 /* Breed.swift */; };
		60A5E0B92A0C7F8D00C8A9B1 /* FeedsViewModel.swift in Sources */ = {isa = PBXBuildFile; fileRef = 60A5E0B82A0C7F8D00C8A9B1 /* FeedsViewModel.swift */; };
		60A5E0BB2A0C97F200C8A9B1 /* FileLoader.swift in Sources */ = {isa = PBXBuildFile; fileRef = 60A5E0BA2A0C97F200C8A9B1 /* FileLoader.swift */; };
		60FA07882A0330E4008405BE /* ChatRow.swift in Sources */ = {isa = PBXBuildFile; fileRef = 60FA07872A0330E4008405BE /* ChatRow.swift */; };
		60FCD5552A02A46F003D8FAE /* FeedsView.swift in Sources */ = {isa = PBXBuildFile; fileRef = 60FCD5542A02A46F003D8FAE /* FeedsView.swift */; };
		60FCD5572A02A48A003D8FAE /* NotificationsView.swift in Sources */ = {isa = PBXBuildFile; fileRef = 60FCD5562A02A48A003D8FAE /* NotificationsView.swift */; };
		60FCD5592A02A49D003D8FAE /* MessagingView.swift in Sources */ = {isa = PBXBuildFile; fileRef = 60FCD5582A02A49D003D8FAE /* MessagingView.swift */; };
		60FCD55B2A02A4BE003D8FAE /* ProfileView.swift in Sources */ = {isa = PBXBuildFile; fileRef = 60FCD55A2A02A4BE003D8FAE /* ProfileView.swift */; };
		60FCD55D2A02B11A003D8FAE /* MessagingChatsView.swift in Sources */ = {isa = PBXBuildFile; fileRef = 60FCD55C2A02B11A003D8FAE /* MessagingChatsView.swift */; };
		60FCD55F2A02B134003D8FAE /* MessagingUsersView.swift in Sources */ = {isa = PBXBuildFile; fileRef = 60FCD55E2A02B134003D8FAE /* MessagingUsersView.swift */; };
		60FCD5612A0321C7003D8FAE /* DailyTrainingViewModel.swift in Sources */ = {isa = PBXBuildFile; fileRef = 60FCD5602A0321C7003D8FAE /* DailyTrainingViewModel.swift */; };
		60FCD5632A0322EE003D8FAE /* MessagingChatsViewModel.swift in Sources */ = {isa = PBXBuildFile; fileRef = 60FCD5622A0322EE003D8FAE /* MessagingChatsViewModel.swift */; };
		60FCD5662A03235F003D8FAE /* landmarkData.json in Resources */ = {isa = PBXBuildFile; fileRef = 60FCD5652A03235F003D8FAE /* landmarkData.json */; };
		60FCD5682A0323B8003D8FAE /* MessagingChatsData.json in Resources */ = {isa = PBXBuildFile; fileRef = 60FCD5672A0323B8003D8FAE /* MessagingChatsData.json */; };
/* End PBXBuildFile section */

/* Begin PBXContainerItemProxy section */
		606F08E32A01DB0400CC3995 /* PBXContainerItemProxy */ = {
			isa = PBXContainerItemProxy;
			containerPortal = 606F08CA2A01DB0000CC3995 /* Project object */;
			proxyType = 1;
			remoteGlobalIDString = 606F08D12A01DB0100CC3995;
			remoteInfo = "DailyTraining-SwiftUI";
		};
		606F08ED2A01DB0400CC3995 /* PBXContainerItemProxy */ = {
			isa = PBXContainerItemProxy;
			containerPortal = 606F08CA2A01DB0000CC3995 /* Project object */;
			proxyType = 1;
			remoteGlobalIDString = 606F08D12A01DB0100CC3995;
			remoteInfo = "DailyTraining-SwiftUI";
		};
/* End PBXContainerItemProxy section */

/* Begin PBXFileReference section */
		6009233E2A0A8C4D00CE8562 /* SplashScreen.swift */ = {isa = PBXFileReference; lastKnownFileType = sourcecode.swift; path = SplashScreen.swift; sourceTree = "<group>"; };
		600923412A0A954E00CE8562 /* LandingScreen.swift */ = {isa = PBXFileReference; lastKnownFileType = sourcecode.swift; path = LandingScreen.swift; sourceTree = "<group>"; };
		600923442A0A9EF300CE8562 /* LoginScreen.swift */ = {isa = PBXFileReference; lastKnownFileType = sourcecode.swift; path = LoginScreen.swift; sourceTree = "<group>"; };
		600923462A0B321600CE8562 /* TabViewModel.swift */ = {isa = PBXFileReference; lastKnownFileType = sourcecode.swift; path = TabViewModel.swift; sourceTree = "<group>"; };
		603EED322A092D8400EC9C2E /* ProfileViewModel.swift */ = {isa = PBXFileReference; lastKnownFileType = sourcecode.swift; path = ProfileViewModel.swift; sourceTree = "<group>"; };
		603EED342A092E6B00EC9C2E /* CircularRankIndicator.swift */ = {isa = PBXFileReference; lastKnownFileType = sourcecode.swift; path = CircularRankIndicator.swift; sourceTree = "<group>"; };
		603EED362A092FAA00EC9C2E /* RankingRateCircularBar.swift */ = {isa = PBXFileReference; lastKnownFileType = sourcecode.swift; path = RankingRateCircularBar.swift; sourceTree = "<group>"; };
		603EED382A0930C600EC9C2E /* ActivityGauge.swift */ = {isa = PBXFileReference; lastKnownFileType = sourcecode.swift; path = ActivityGauge.swift; sourceTree = "<group>"; };
		603EED3A2A09335B00EC9C2E /* ProgressDetails.swift */ = {isa = PBXFileReference; lastKnownFileType = sourcecode.swift; path = ProgressDetails.swift; sourceTree = "<group>"; };
		603EED3C2A0933F400EC9C2E /* ProfileAvatar.swift */ = {isa = PBXFileReference; lastKnownFileType = sourcecode.swift; path = ProfileAvatar.swift; sourceTree = "<group>"; };
		606F08D22A01DB0100CC3995 /* DailyTraining-SwiftUI.app */ = {isa = PBXFileReference; explicitFileType = wrapper.application; includeInIndex = 0; path = "DailyTraining-SwiftUI.app"; sourceTree = BUILT_PRODUCTS_DIR; };
		606F08D52A01DB0100CC3995 /* DailyTraining_SwiftUIApp.swift */ = {isa = PBXFileReference; lastKnownFileType = sourcecode.swift; path = DailyTraining_SwiftUIApp.swift; sourceTree = "<group>"; };
		606F08D72A01DB0100CC3995 /* ContentView.swift */ = {isa = PBXFileReference; lastKnownFileType = sourcecode.swift; path = ContentView.swift; sourceTree = "<group>"; };
		606F08D92A01DB0400CC3995 /* Assets.xcassets */ = {isa = PBXFileReference; lastKnownFileType = folder.assetcatalog; path = Assets.xcassets; sourceTree = "<group>"; };
		606F08DC2A01DB0400CC3995 /* Preview Assets.xcassets */ = {isa = PBXFileReference; lastKnownFileType = folder.assetcatalog; path = "Preview Assets.xcassets"; sourceTree = "<group>"; };
		606F08E22A01DB0400CC3995 /* DailyTraining-SwiftUITests.xctest */ = {isa = PBXFileReference; explicitFileType = wrapper.cfbundle; includeInIndex = 0; path = "DailyTraining-SwiftUITests.xctest"; sourceTree = BUILT_PRODUCTS_DIR; };
		606F08E62A01DB0400CC3995 /* DailyTraining_SwiftUITests.swift */ = {isa = PBXFileReference; lastKnownFileType = sourcecode.swift; path = DailyTraining_SwiftUITests.swift; sourceTree = "<group>"; };
		606F08EC2A01DB0400CC3995 /* DailyTraining-SwiftUIUITests.xctest */ = {isa = PBXFileReference; explicitFileType = wrapper.cfbundle; includeInIndex = 0; path = "DailyTraining-SwiftUIUITests.xctest"; sourceTree = BUILT_PRODUCTS_DIR; };
		606F08F02A01DB0400CC3995 /* DailyTraining_SwiftUIUITests.swift */ = {isa = PBXFileReference; lastKnownFileType = sourcecode.swift; path = DailyTraining_SwiftUIUITests.swift; sourceTree = "<group>"; };
		606F08F22A01DB0400CC3995 /* DailyTraining_SwiftUIUITestsLaunchTests.swift */ = {isa = PBXFileReference; lastKnownFileType = sourcecode.swift; path = DailyTraining_SwiftUIUITestsLaunchTests.swift; sourceTree = "<group>"; };
		607C142F2A0895EE00DE12F0 /* TestView.swift */ = {isa = PBXFileReference; lastKnownFileType = sourcecode.swift; path = TestView.swift; sourceTree = "<group>"; };
		6090BEEE2A03F1780043B1AE /* MessagingUsersData.json */ = {isa = PBXFileReference; fileEncoding = 4; lastKnownFileType = text.json; path = MessagingUsersData.json; sourceTree = "<group>"; };
		6090BEF12A03F2320043B1AE /* Helpers.swift */ = {isa = PBXFileReference; lastKnownFileType = sourcecode.swift; path = Helpers.swift; sourceTree = "<group>"; };
		6090BEF32A03F62A0043B1AE /* MessagingUsersViewModel.swift */ = {isa = PBXFileReference; lastKnownFileType = sourcecode.swift; path = MessagingUsersViewModel.swift; sourceTree = "<group>"; };
		6090BEF52A03F8420043B1AE /* ChatUserRow.swift */ = {isa = PBXFileReference; lastKnownFileType = sourcecode.swift; path = ChatUserRow.swift; sourceTree = "<group>"; };
		6090BEF72A0486CF0043B1AE /* NotificationsViewModel.swift */ = {isa = PBXFileReference; lastKnownFileType = sourcecode.swift; path = NotificationsViewModel.swift; sourceTree = "<group>"; };
		6090BEF92A048F8B0043B1AE /* NotificationRow.swift */ = {isa = PBXFileReference; lastKnownFileType = sourcecode.swift; path = NotificationRow.swift; sourceTree = "<group>"; };
		60A507B42A0D2E22004D9586 /* FileLoaderError.swift */ = {isa = PBXFileReference; lastKnownFileType = sourcecode.swift; path = FileLoaderError.swift; sourceTree = "<group>"; };
		60A507B62A0D45DC004D9586 /* APIService+Extension.swift */ = {isa = PBXFileReference; lastKnownFileType = sourcecode.swift; path = "APIService+Extension.swift"; sourceTree = "<group>"; };
		60A507B82A0D4632004D9586 /* FileLoader+Extension.swift */ = {isa = PBXFileReference; lastKnownFileType = sourcecode.swift; path = "FileLoader+Extension.swift"; sourceTree = "<group>"; };
		60A5E0AC2A0C6B3600C8A9B1 /* APIError.swift */ = {isa = PBXFileReference; lastKnownFileType = sourcecode.swift; path = APIError.swift; sourceTree = "<group>"; };
		60A5E0AE2A0C6C0900C8A9B1 /* APIService.swift */ = {isa = PBXFileReference; lastKnownFileType = sourcecode.swift; path = APIService.swift; sourceTree = "<group>"; };
		60A5E0B12A0C6D4C00C8A9B1 /* Fetchers.swift */ = {isa = PBXFileReference; lastKnownFileType = sourcecode.swift; path = Fetchers.swift; sourceTree = "<group>"; };
		60A5E0B32A0C704F00C8A9B1 /* Breed.swift */ = {isa = PBXFileReference; lastKnownFileType = sourcecode.swift; path = Breed.swift; sourceTree = "<group>"; };
		60A5E0B82A0C7F8D00C8A9B1 /* FeedsViewModel.swift */ = {isa = PBXFileReference; lastKnownFileType = sourcecode.swift; path = FeedsViewModel.swift; sourceTree = "<group>"; };
		60A5E0BA2A0C97F200C8A9B1 /* FileLoader.swift */ = {isa = PBXFileReference; lastKnownFileType = sourcecode.swift; path = FileLoader.swift; sourceTree = "<group>"; };
		60FA07872A0330E4008405BE /* ChatRow.swift */ = {isa = PBXFileReference; lastKnownFileType = sourcecode.swift; path = ChatRow.swift; sourceTree = "<group>"; };
		60FCD5542A02A46F003D8FAE /* FeedsView.swift */ = {isa = PBXFileReference; lastKnownFileType = sourcecode.swift; path = FeedsView.swift; sourceTree = "<group>"; };
		60FCD5562A02A48A003D8FAE /* NotificationsView.swift */ = {isa = PBXFileReference; lastKnownFileType = sourcecode.swift; path = NotificationsView.swift; sourceTree = "<group>"; };
		60FCD5582A02A49D003D8FAE /* MessagingView.swift */ = {isa = PBXFileReference; lastKnownFileType = sourcecode.swift; path = MessagingView.swift; sourceTree = "<group>"; };
		60FCD55A2A02A4BE003D8FAE /* ProfileView.swift */ = {isa = PBXFileReference; lastKnownFileType = sourcecode.swift; path = ProfileView.swift; sourceTree = "<group>"; };
		60FCD55C2A02B11A003D8FAE /* MessagingChatsView.swift */ = {isa = PBXFileReference; lastKnownFileType = sourcecode.swift; path = MessagingChatsView.swift; sourceTree = "<group>"; };
		60FCD55E2A02B134003D8FAE /* MessagingUsersView.swift */ = {isa = PBXFileReference; lastKnownFileType = sourcecode.swift; path = MessagingUsersView.swift; sourceTree = "<group>"; };
		60FCD5602A0321C7003D8FAE /* DailyTrainingViewModel.swift */ = {isa = PBXFileReference; lastKnownFileType = sourcecode.swift; path = DailyTrainingViewModel.swift; sourceTree = "<group>"; };
		60FCD5622A0322EE003D8FAE /* MessagingChatsViewModel.swift */ = {isa = PBXFileReference; lastKnownFileType = sourcecode.swift; path = MessagingChatsViewModel.swift; sourceTree = "<group>"; };
		60FCD5652A03235F003D8FAE /* landmarkData.json */ = {isa = PBXFileReference; fileEncoding = 4; lastKnownFileType = text.json; path = landmarkData.json; sourceTree = "<group>"; };
		60FCD5672A0323B8003D8FAE /* MessagingChatsData.json */ = {isa = PBXFileReference; lastKnownFileType = text.json; path = MessagingChatsData.json; sourceTree = "<group>"; };
/* End PBXFileReference section */

/* Begin PBXFrameworksBuildPhase section */
		606F08CF2A01DB0100CC3995 /* Frameworks */ = {
			isa = PBXFrameworksBuildPhase;
			buildActionMask = 2147483647;
			files = (
			);
			runOnlyForDeploymentPostprocessing = 0;
		};
		606F08DF2A01DB0400CC3995 /* Frameworks */ = {
			isa = PBXFrameworksBuildPhase;
			buildActionMask = 2147483647;
			files = (
			);
			runOnlyForDeploymentPostprocessing = 0;
		};
		606F08E92A01DB0400CC3995 /* Frameworks */ = {
			isa = PBXFrameworksBuildPhase;
			buildActionMask = 2147483647;
			files = (
			);
			runOnlyForDeploymentPostprocessing = 0;
		};
/* End PBXFrameworksBuildPhase section */

/* Begin PBXGroup section */
		6009233D2A0A8C2F00CE8562 /* SplashScreen */ = {
			isa = PBXGroup;
			children = (
				6009233E2A0A8C4D00CE8562 /* SplashScreen.swift */,
			);
			path = SplashScreen;
			sourceTree = "<group>";
		};
		600923402A0A94FB00CE8562 /* LandingScreen */ = {
			isa = PBXGroup;
			children = (
				600923412A0A954E00CE8562 /* LandingScreen.swift */,
				600923462A0B321600CE8562 /* TabViewModel.swift */,
			);
			path = LandingScreen;
			sourceTree = "<group>";
		};
		600923432A0A959900CE8562 /* LoginScreen */ = {
			isa = PBXGroup;
			children = (
				600923442A0A9EF300CE8562 /* LoginScreen.swift */,
			);
			path = LoginScreen;
			sourceTree = "<group>";
		};
		606F08C92A01DB0000CC3995 = {
			isa = PBXGroup;
			children = (
				606F08D42A01DB0100CC3995 /* DailyTraining-SwiftUI */,
				606F08E52A01DB0400CC3995 /* DailyTraining-SwiftUITests */,
				606F08EF2A01DB0400CC3995 /* DailyTraining-SwiftUIUITests */,
				606F08D32A01DB0100CC3995 /* Products */,
			);
			sourceTree = "<group>";
		};
		606F08D32A01DB0100CC3995 /* Products */ = {
			isa = PBXGroup;
			children = (
				606F08D22A01DB0100CC3995 /* DailyTraining-SwiftUI.app */,
				606F08E22A01DB0400CC3995 /* DailyTraining-SwiftUITests.xctest */,
				606F08EC2A01DB0400CC3995 /* DailyTraining-SwiftUIUITests.xctest */,
			);
			name = Products;
			sourceTree = "<group>";
		};
		606F08D42A01DB0100CC3995 /* DailyTraining-SwiftUI */ = {
			isa = PBXGroup;
			children = (
				60FCD5642A032330003D8FAE /* Resources */,
				6090BEF02A03F1E40043B1AE /* Helpers */,
				60A5E0AB2A0C6AD500C8A9B1 /* Networking */,
				60A5E0B62A0C71A700C8A9B1 /* Modules */,
				60FCD5522A02A412003D8FAE /* Models */,
				60A5E0B72A0C71D400C8A9B1 /* ViewModels */,
				60FCD5532A02A432003D8FAE /* Views */,
				606F08D52A01DB0100CC3995 /* DailyTraining_SwiftUIApp.swift */,
				606F08D72A01DB0100CC3995 /* ContentView.swift */,
				606F08D92A01DB0400CC3995 /* Assets.xcassets */,
				606F08DB2A01DB0400CC3995 /* Preview Content */,
			);
			path = "DailyTraining-SwiftUI";
			sourceTree = "<group>";
		};
		606F08DB2A01DB0400CC3995 /* Preview Content */ = {
			isa = PBXGroup;
			children = (
				606F08DC2A01DB0400CC3995 /* Preview Assets.xcassets */,
			);
			path = "Preview Content";
			sourceTree = "<group>";
		};
		606F08E52A01DB0400CC3995 /* DailyTraining-SwiftUITests */ = {
			isa = PBXGroup;
			children = (
				606F08E62A01DB0400CC3995 /* DailyTraining_SwiftUITests.swift */,
			);
			path = "DailyTraining-SwiftUITests";
			sourceTree = "<group>";
		};
		606F08EF2A01DB0400CC3995 /* DailyTraining-SwiftUIUITests */ = {
			isa = PBXGroup;
			children = (
				606F08F02A01DB0400CC3995 /* DailyTraining_SwiftUIUITests.swift */,
				606F08F22A01DB0400CC3995 /* DailyTraining_SwiftUIUITestsLaunchTests.swift */,
			);
			path = "DailyTraining-SwiftUIUITests";
			sourceTree = "<group>";
		};
		607C142A2A05FBCE00DE12F0 /* UserProfile */ = {
			isa = PBXGroup;
			children = (
				60FCD55A2A02A4BE003D8FAE /* ProfileView.swift */,
				603EED322A092D8400EC9C2E /* ProfileViewModel.swift */,
				603EED342A092E6B00EC9C2E /* CircularRankIndicator.swift */,
				603EED362A092FAA00EC9C2E /* RankingRateCircularBar.swift */,
				603EED382A0930C600EC9C2E /* ActivityGauge.swift */,
				603EED3A2A09335B00EC9C2E /* ProgressDetails.swift */,
				603EED3C2A0933F400EC9C2E /* ProfileAvatar.swift */,
			);
			path = UserProfile;
			sourceTree = "<group>";
		};
		607C142B2A05FC0400DE12F0 /* Messages */ = {
			isa = PBXGroup;
			children = (
				60FCD5622A0322EE003D8FAE /* MessagingChatsViewModel.swift */,
				6090BEF32A03F62A0043B1AE /* MessagingUsersViewModel.swift */,
				60FCD5582A02A49D003D8FAE /* MessagingView.swift */,
				60FCD55C2A02B11A003D8FAE /* MessagingChatsView.swift */,
				60FCD55E2A02B134003D8FAE /* MessagingUsersView.swift */,
				60FA07872A0330E4008405BE /* ChatRow.swift */,
				6090BEF52A03F8420043B1AE /* ChatUserRow.swift */,
			);
			path = Messages;
			sourceTree = "<group>";
		};
		607C142C2A05FC0D00DE12F0 /* Notifications */ = {
			isa = PBXGroup;
			children = (
				6090BEF72A0486CF0043B1AE /* NotificationsViewModel.swift */,
				60FCD5562A02A48A003D8FAE /* NotificationsView.swift */,
				6090BEF92A048F8B0043B1AE /* NotificationRow.swift */,
			);
			path = Notifications;
			sourceTree = "<group>";
		};
		607C142D2A05FC1700DE12F0 /* Feeds */ = {
			isa = PBXGroup;
			children = (
				60FCD5542A02A46F003D8FAE /* FeedsView.swift */,
				60A5E0B82A0C7F8D00C8A9B1 /* FeedsViewModel.swift */,
			);
			path = Feeds;
			sourceTree = "<group>";
		};
		607C142E2A05FC8800DE12F0 /* Components */ = {
			isa = PBXGroup;
			children = (
			);
			path = Components;
			sourceTree = "<group>";
		};
		6090BEF02A03F1E40043B1AE /* Helpers */ = {
			isa = PBXGroup;
			children = (
				6090BEF12A03F2320043B1AE /* Helpers.swift */,
				60A5E0BA2A0C97F200C8A9B1 /* FileLoader.swift */,
				60A507B82A0D4632004D9586 /* FileLoader+Extension.swift */,
				60A507B42A0D2E22004D9586 /* FileLoaderError.swift */,
			);
			path = Helpers;
			sourceTree = "<group>";
		};
		60A5E0AB2A0C6AD500C8A9B1 /* Networking */ = {
			isa = PBXGroup;
			children = (
				60A5E0AC2A0C6B3600C8A9B1 /* APIError.swift */,
				60A5E0AE2A0C6C0900C8A9B1 /* APIService.swift */,
				60A507B62A0D45DC004D9586 /* APIService+Extension.swift */,
				60A5E0B12A0C6D4C00C8A9B1 /* Fetchers.swift */,
			);
			path = Networking;
			sourceTree = "<group>";
		};
		60A5E0B62A0C71A700C8A9B1 /* Modules */ = {
			isa = PBXGroup;
			children = (
				600923432A0A959900CE8562 /* LoginScreen */,
				600923402A0A94FB00CE8562 /* LandingScreen */,
				6009233D2A0A8C2F00CE8562 /* SplashScreen */,
				607C142E2A05FC8800DE12F0 /* Components */,
				607C142D2A05FC1700DE12F0 /* Feeds */,
				607C142C2A05FC0D00DE12F0 /* Notifications */,
				607C142B2A05FC0400DE12F0 /* Messages */,
				607C142A2A05FBCE00DE12F0 /* UserProfile */,
			);
			path = Modules;
			sourceTree = "<group>";
		};
		60A5E0B72A0C71D400C8A9B1 /* ViewModels */ = {
			isa = PBXGroup;
			children = (
				60FCD5602A0321C7003D8FAE /* DailyTrainingViewModel.swift */,
			);
			path = ViewModels;
			sourceTree = "<group>";
		};
		60FCD5522A02A412003D8FAE /* Models */ = {
			isa = PBXGroup;
			children = (
				60A5E0B32A0C704F00C8A9B1 /* Breed.swift */,
			);
			path = Models;
			sourceTree = "<group>";
		};
		60FCD5532A02A432003D8FAE /* Views */ = {
			isa = PBXGroup;
			children = (
				607C142F2A0895EE00DE12F0 /* TestView.swift */,
			);
			path = Views;
			sourceTree = "<group>";
		};
		60FCD5642A032330003D8FAE /* Resources */ = {
			isa = PBXGroup;
			children = (
				60FCD5652A03235F003D8FAE /* landmarkData.json */,
				60FCD5672A0323B8003D8FAE /* MessagingChatsData.json */,
				6090BEEE2A03F1780043B1AE /* MessagingUsersData.json */,
			);
			path = Resources;
			sourceTree = "<group>";
		};
/* End PBXGroup section */

/* Begin PBXNativeTarget section */
		606F08D12A01DB0100CC3995 /* DailyTraining-SwiftUI */ = {
			isa = PBXNativeTarget;
			buildConfigurationList = 606F08F62A01DB0400CC3995 /* Build configuration list for PBXNativeTarget "DailyTraining-SwiftUI" */;
			buildPhases = (
				606F08CE2A01DB0100CC3995 /* Sources */,
				606F08CF2A01DB0100CC3995 /* Frameworks */,
				606F08D02A01DB0100CC3995 /* Resources */,
			);
			buildRules = (
			);
			dependencies = (
			);
			name = "DailyTraining-SwiftUI";
			productName = "DailyTraining-SwiftUI";
			productReference = 606F08D22A01DB0100CC3995 /* DailyTraining-SwiftUI.app */;
			productType = "com.apple.product-type.application";
		};
		606F08E12A01DB0400CC3995 /* DailyTraining-SwiftUITests */ = {
			isa = PBXNativeTarget;
			buildConfigurationList = 606F08F92A01DB0400CC3995 /* Build configuration list for PBXNativeTarget "DailyTraining-SwiftUITests" */;
			buildPhases = (
				606F08DE2A01DB0400CC3995 /* Sources */,
				606F08DF2A01DB0400CC3995 /* Frameworks */,
				606F08E02A01DB0400CC3995 /* Resources */,
			);
			buildRules = (
			);
			dependencies = (
				606F08E42A01DB0400CC3995 /* PBXTargetDependency */,
			);
			name = "DailyTraining-SwiftUITests";
			productName = "DailyTraining-SwiftUITests";
			productReference = 606F08E22A01DB0400CC3995 /* DailyTraining-SwiftUITests.xctest */;
			productType = "com.apple.product-type.bundle.unit-test";
		};
		606F08EB2A01DB0400CC3995 /* DailyTraining-SwiftUIUITests */ = {
			isa = PBXNativeTarget;
			buildConfigurationList = 606F08FC2A01DB0400CC3995 /* Build configuration list for PBXNativeTarget "DailyTraining-SwiftUIUITests" */;
			buildPhases = (
				606F08E82A01DB0400CC3995 /* Sources */,
				606F08E92A01DB0400CC3995 /* Frameworks */,
				606F08EA2A01DB0400CC3995 /* Resources */,
			);
			buildRules = (
			);
			dependencies = (
				606F08EE2A01DB0400CC3995 /* PBXTargetDependency */,
			);
			name = "DailyTraining-SwiftUIUITests";
			productName = "DailyTraining-SwiftUIUITests";
			productReference = 606F08EC2A01DB0400CC3995 /* DailyTraining-SwiftUIUITests.xctest */;
			productType = "com.apple.product-type.bundle.ui-testing";
		};
/* End PBXNativeTarget section */

/* Begin PBXProject section */
		606F08CA2A01DB0000CC3995 /* Project object */ = {
			isa = PBXProject;
			attributes = {
				BuildIndependentTargetsInParallel = 1;
				LastSwiftUpdateCheck = 1420;
				LastUpgradeCheck = 1420;
				TargetAttributes = {
					606F08D12A01DB0100CC3995 = {
						CreatedOnToolsVersion = 14.2;
					};
					606F08E12A01DB0400CC3995 = {
						CreatedOnToolsVersion = 14.2;
						TestTargetID = 606F08D12A01DB0100CC3995;
					};
					606F08EB2A01DB0400CC3995 = {
						CreatedOnToolsVersion = 14.2;
						TestTargetID = 606F08D12A01DB0100CC3995;
					};
				};
			};
			buildConfigurationList = 606F08CD2A01DB0000CC3995 /* Build configuration list for PBXProject "DailyTraining-SwiftUI" */;
			compatibilityVersion = "Xcode 14.0";
			developmentRegion = en;
			hasScannedForEncodings = 0;
			knownRegions = (
				en,
				Base,
			);
			mainGroup = 606F08C92A01DB0000CC3995;
			productRefGroup = 606F08D32A01DB0100CC3995 /* Products */;
			projectDirPath = "";
			projectRoot = "";
			targets = (
				606F08D12A01DB0100CC3995 /* DailyTraining-SwiftUI */,
				606F08E12A01DB0400CC3995 /* DailyTraining-SwiftUITests */,
				606F08EB2A01DB0400CC3995 /* DailyTraining-SwiftUIUITests */,
			);
		};
/* End PBXProject section */

/* Begin PBXResourcesBuildPhase section */
		606F08D02A01DB0100CC3995 /* Resources */ = {
			isa = PBXResourcesBuildPhase;
			buildActionMask = 2147483647;
			files = (
				606F08DD2A01DB0400CC3995 /* Preview Assets.xcassets in Resources */,
				606F08DA2A01DB0400CC3995 /* Assets.xcassets in Resources */,
				60FCD5662A03235F003D8FAE /* landmarkData.json in Resources */,
				6090BEEF2A03F1780043B1AE /* MessagingUsersData.json in Resources */,
				60FCD5682A0323B8003D8FAE /* MessagingChatsData.json in Resources */,
			);
			runOnlyForDeploymentPostprocessing = 0;
		};
		606F08E02A01DB0400CC3995 /* Resources */ = {
			isa = PBXResourcesBuildPhase;
			buildActionMask = 2147483647;
			files = (
			);
			runOnlyForDeploymentPostprocessing = 0;
		};
		606F08EA2A01DB0400CC3995 /* Resources */ = {
			isa = PBXResourcesBuildPhase;
			buildActionMask = 2147483647;
			files = (
			);
			runOnlyForDeploymentPostprocessing = 0;
		};
/* End PBXResourcesBuildPhase section */

/* Begin PBXSourcesBuildPhase section */
		606F08CE2A01DB0100CC3995 /* Sources */ = {
			isa = PBXSourcesBuildPhase;
			buildActionMask = 2147483647;
			files = (
				6009233F2A0A8C4D00CE8562 /* SplashScreen.swift in Sources */,
				60FA07882A0330E4008405BE /* ChatRow.swift in Sources */,
				60A507B72A0D45DC004D9586 /* APIService+Extension.swift in Sources */,
				60A5E0B92A0C7F8D00C8A9B1 /* FeedsViewModel.swift in Sources */,
				60A5E0BB2A0C97F200C8A9B1 /* FileLoader.swift in Sources */,
				60A5E0AF2A0C6C0900C8A9B1 /* APIService.swift in Sources */,
				6090BEF62A03F8420043B1AE /* ChatUserRow.swift in Sources */,
				606F08D82A01DB0100CC3995 /* ContentView.swift in Sources */,
				60FCD5592A02A49D003D8FAE /* MessagingView.swift in Sources */,
				60FCD5612A0321C7003D8FAE /* DailyTrainingViewModel.swift in Sources */,
				6090BEF82A0486CF0043B1AE /* NotificationsViewModel.swift in Sources */,
				6090BEF42A03F62A0043B1AE /* MessagingUsersViewModel.swift in Sources */,
				60FCD55D2A02B11A003D8FAE /* MessagingChatsView.swift in Sources */,
				606F08D62A01DB0100CC3995 /* DailyTraining_SwiftUIApp.swift in Sources */,
				60FCD5552A02A46F003D8FAE /* FeedsView.swift in Sources */,
				6090BEF22A03F2320043B1AE /* Helpers.swift in Sources */,
				603EED3B2A09335B00EC9C2E /* ProgressDetails.swift in Sources */,
				60A5E0AD2A0C6B3600C8A9B1 /* APIError.swift in Sources */,
				60A507B52A0D2E22004D9586 /* FileLoaderError.swift in Sources */,
				600923452A0A9EF300CE8562 /* LoginScreen.swift in Sources */,
				60A507B92A0D4632004D9586 /* FileLoader+Extension.swift in Sources */,
				603EED392A0930C600EC9C2E /* ActivityGauge.swift in Sources */,
				607C14302A0895EE00DE12F0 /* TestView.swift in Sources */,
				600923472A0B321600CE8562 /* TabViewModel.swift in Sources */,
				600923422A0A954E00CE8562 /* LandingScreen.swift in Sources */,
				603EED332A092D8400EC9C2E /* ProfileViewModel.swift in Sources */,
				60FCD55B2A02A4BE003D8FAE /* ProfileView.swift in Sources */,
				603EED3D2A0933F400EC9C2E /* ProfileAvatar.swift in Sources */,
				60A5E0B22A0C6D4C00C8A9B1 /* Fetchers.swift in Sources */,
				60FCD55F2A02B134003D8FAE /* MessagingUsersView.swift in Sources */,
				60FCD5572A02A48A003D8FAE /* NotificationsView.swift in Sources */,
				603EED352A092E6B00EC9C2E /* CircularRankIndicator.swift in Sources */,
				60FCD5632A0322EE003D8FAE /* MessagingChatsViewModel.swift in Sources */,
				6090BEFA2A048F8B0043B1AE /* NotificationRow.swift in Sources */,
				603EED372A092FAA00EC9C2E /* RankingRateCircularBar.swift in Sources */,
				60A5E0B42A0C704F00C8A9B1 /* Breed.swift in Sources */,
			);
			runOnlyForDeploymentPostprocessing = 0;
		};
		606F08DE2A01DB0400CC3995 /* Sources */ = {
			isa = PBXSourcesBuildPhase;
			buildActionMask = 2147483647;
			files = (
				606F08E72A01DB0400CC3995 /* DailyTraining_SwiftUITests.swift in Sources */,
			);
			runOnlyForDeploymentPostprocessing = 0;
		};
		606F08E82A01DB0400CC3995 /* Sources */ = {
			isa = PBXSourcesBuildPhase;
			buildActionMask = 2147483647;
			files = (
				606F08F32A01DB0400CC3995 /* DailyTraining_SwiftUIUITestsLaunchTests.swift in Sources */,
				606F08F12A01DB0400CC3995 /* DailyTraining_SwiftUIUITests.swift in Sources */,
			);
			runOnlyForDeploymentPostprocessing = 0;
		};
/* End PBXSourcesBuildPhase section */

/* Begin PBXTargetDependency section */
		606F08E42A01DB0400CC3995 /* PBXTargetDependency */ = {
			isa = PBXTargetDependency;
			target = 606F08D12A01DB0100CC3995 /* DailyTraining-SwiftUI */;
			targetProxy = 606F08E32A01DB0400CC3995 /* PBXContainerItemProxy */;
		};
		606F08EE2A01DB0400CC3995 /* PBXTargetDependency */ = {
			isa = PBXTargetDependency;
			target = 606F08D12A01DB0100CC3995 /* DailyTraining-SwiftUI */;
			targetProxy = 606F08ED2A01DB0400CC3995 /* PBXContainerItemProxy */;
		};
/* End PBXTargetDependency section */

/* Begin XCBuildConfiguration section */
		606F08F42A01DB0400CC3995 /* Debug */ = {
			isa = XCBuildConfiguration;
			buildSettings = {
				ALWAYS_SEARCH_USER_PATHS = NO;
				CLANG_ANALYZER_NONNULL = YES;
				CLANG_ANALYZER_NUMBER_OBJECT_CONVERSION = YES_AGGRESSIVE;
				CLANG_CXX_LANGUAGE_STANDARD = "gnu++20";
				CLANG_ENABLE_MODULES = YES;
				CLANG_ENABLE_OBJC_ARC = YES;
				CLANG_ENABLE_OBJC_WEAK = YES;
				CLANG_WARN_BLOCK_CAPTURE_AUTORELEASING = YES;
				CLANG_WARN_BOOL_CONVERSION = YES;
				CLANG_WARN_COMMA = YES;
				CLANG_WARN_CONSTANT_CONVERSION = YES;
				CLANG_WARN_DEPRECATED_OBJC_IMPLEMENTATIONS = YES;
				CLANG_WARN_DIRECT_OBJC_ISA_USAGE = YES_ERROR;
				CLANG_WARN_DOCUMENTATION_COMMENTS = YES;
				CLANG_WARN_EMPTY_BODY = YES;
				CLANG_WARN_ENUM_CONVERSION = YES;
				CLANG_WARN_INFINITE_RECURSION = YES;
				CLANG_WARN_INT_CONVERSION = YES;
				CLANG_WARN_NON_LITERAL_NULL_CONVERSION = YES;
				CLANG_WARN_OBJC_IMPLICIT_RETAIN_SELF = YES;
				CLANG_WARN_OBJC_LITERAL_CONVERSION = YES;
				CLANG_WARN_OBJC_ROOT_CLASS = YES_ERROR;
				CLANG_WARN_QUOTED_INCLUDE_IN_FRAMEWORK_HEADER = YES;
				CLANG_WARN_RANGE_LOOP_ANALYSIS = YES;
				CLANG_WARN_STRICT_PROTOTYPES = YES;
				CLANG_WARN_SUSPICIOUS_MOVE = YES;
				CLANG_WARN_UNGUARDED_AVAILABILITY = YES_AGGRESSIVE;
				CLANG_WARN_UNREACHABLE_CODE = YES;
				CLANG_WARN__DUPLICATE_METHOD_MATCH = YES;
				COPY_PHASE_STRIP = NO;
				DEBUG_INFORMATION_FORMAT = dwarf;
				ENABLE_STRICT_OBJC_MSGSEND = YES;
				ENABLE_TESTABILITY = YES;
				GCC_C_LANGUAGE_STANDARD = gnu11;
				GCC_DYNAMIC_NO_PIC = NO;
				GCC_NO_COMMON_BLOCKS = YES;
				GCC_OPTIMIZATION_LEVEL = 0;
				GCC_PREPROCESSOR_DEFINITIONS = (
					"DEBUG=1",
					"$(inherited)",
				);
				GCC_WARN_64_TO_32_BIT_CONVERSION = YES;
				GCC_WARN_ABOUT_RETURN_TYPE = YES_ERROR;
				GCC_WARN_UNDECLARED_SELECTOR = YES;
				GCC_WARN_UNINITIALIZED_AUTOS = YES_AGGRESSIVE;
				GCC_WARN_UNUSED_FUNCTION = YES;
				GCC_WARN_UNUSED_VARIABLE = YES;
				IPHONEOS_DEPLOYMENT_TARGET = 16.2;
				MTL_ENABLE_DEBUG_INFO = INCLUDE_SOURCE;
				MTL_FAST_MATH = YES;
				ONLY_ACTIVE_ARCH = YES;
				SDKROOT = iphoneos;
				SWIFT_ACTIVE_COMPILATION_CONDITIONS = DEBUG;
				SWIFT_OPTIMIZATION_LEVEL = "-Onone";
			};
			name = Debug;
		};
		606F08F52A01DB0400CC3995 /* Release */ = {
			isa = XCBuildConfiguration;
			buildSettings = {
				ALWAYS_SEARCH_USER_PATHS = NO;
				CLANG_ANALYZER_NONNULL = YES;
				CLANG_ANALYZER_NUMBER_OBJECT_CONVERSION = YES_AGGRESSIVE;
				CLANG_CXX_LANGUAGE_STANDARD = "gnu++20";
				CLANG_ENABLE_MODULES = YES;
				CLANG_ENABLE_OBJC_ARC = YES;
				CLANG_ENABLE_OBJC_WEAK = YES;
				CLANG_WARN_BLOCK_CAPTURE_AUTORELEASING = YES;
				CLANG_WARN_BOOL_CONVERSION = YES;
				CLANG_WARN_COMMA = YES;
				CLANG_WARN_CONSTANT_CONVERSION = YES;
				CLANG_WARN_DEPRECATED_OBJC_IMPLEMENTATIONS = YES;
				CLANG_WARN_DIRECT_OBJC_ISA_USAGE = YES_ERROR;
				CLANG_WARN_DOCUMENTATION_COMMENTS = YES;
				CLANG_WARN_EMPTY_BODY = YES;
				CLANG_WARN_ENUM_CONVERSION = YES;
				CLANG_WARN_INFINITE_RECURSION = YES;
				CLANG_WARN_INT_CONVERSION = YES;
				CLANG_WARN_NON_LITERAL_NULL_CONVERSION = YES;
				CLANG_WARN_OBJC_IMPLICIT_RETAIN_SELF = YES;
				CLANG_WARN_OBJC_LITERAL_CONVERSION = YES;
				CLANG_WARN_OBJC_ROOT_CLASS = YES_ERROR;
				CLANG_WARN_QUOTED_INCLUDE_IN_FRAMEWORK_HEADER = YES;
				CLANG_WARN_RANGE_LOOP_ANALYSIS = YES;
				CLANG_WARN_STRICT_PROTOTYPES = YES;
				CLANG_WARN_SUSPICIOUS_MOVE = YES;
				CLANG_WARN_UNGUARDED_AVAILABILITY = YES_AGGRESSIVE;
				CLANG_WARN_UNREACHABLE_CODE = YES;
				CLANG_WARN__DUPLICATE_METHOD_MATCH = YES;
				COPY_PHASE_STRIP = NO;
				DEBUG_INFORMATION_FORMAT = "dwarf-with-dsym";
				ENABLE_NS_ASSERTIONS = NO;
				ENABLE_STRICT_OBJC_MSGSEND = YES;
				GCC_C_LANGUAGE_STANDARD = gnu11;
				GCC_NO_COMMON_BLOCKS = YES;
				GCC_WARN_64_TO_32_BIT_CONVERSION = YES;
				GCC_WARN_ABOUT_RETURN_TYPE = YES_ERROR;
				GCC_WARN_UNDECLARED_SELECTOR = YES;
				GCC_WARN_UNINITIALIZED_AUTOS = YES_AGGRESSIVE;
				GCC_WARN_UNUSED_FUNCTION = YES;
				GCC_WARN_UNUSED_VARIABLE = YES;
				IPHONEOS_DEPLOYMENT_TARGET = 16.2;
				MTL_ENABLE_DEBUG_INFO = NO;
				MTL_FAST_MATH = YES;
				SDKROOT = iphoneos;
				SWIFT_COMPILATION_MODE = wholemodule;
				SWIFT_OPTIMIZATION_LEVEL = "-O";
				VALIDATE_PRODUCT = YES;
			};
			name = Release;
		};
		606F08F72A01DB0400CC3995 /* Debug */ = {
			isa = XCBuildConfiguration;
			buildSettings = {
				ASSETCATALOG_COMPILER_APPICON_NAME = AppIcon;
				ASSETCATALOG_COMPILER_GLOBAL_ACCENT_COLOR_NAME = AccentColor;
				CODE_SIGN_STYLE = Automatic;
				CURRENT_PROJECT_VERSION = 1;
				DEVELOPMENT_ASSET_PATHS = "\"DailyTraining-SwiftUI/Preview Content\"";
				ENABLE_PREVIEWS = YES;
				GENERATE_INFOPLIST_FILE = YES;
				INFOPLIST_KEY_UIApplicationSceneManifest_Generation = YES;
				INFOPLIST_KEY_UIApplicationSupportsIndirectInputEvents = YES;
				INFOPLIST_KEY_UILaunchScreen_Generation = YES;
				INFOPLIST_KEY_UISupportedInterfaceOrientations_iPad = "UIInterfaceOrientationPortrait UIInterfaceOrientationPortraitUpsideDown UIInterfaceOrientationLandscapeLeft UIInterfaceOrientationLandscapeRight";
				INFOPLIST_KEY_UISupportedInterfaceOrientations_iPhone = "UIInterfaceOrientationPortrait UIInterfaceOrientationLandscapeLeft UIInterfaceOrientationLandscapeRight";
				LD_RUNPATH_SEARCH_PATHS = (
					"$(inherited)",
					"@executable_path/Frameworks",
				);
				MARKETING_VERSION = 1.0;
				PRODUCT_BUNDLE_IDENTIFIER = "com.personal.DailyTraining-SwiftUI";
				PRODUCT_NAME = "$(TARGET_NAME)";
				SWIFT_EMIT_LOC_STRINGS = YES;
				SWIFT_VERSION = 5.0;
				TARGETED_DEVICE_FAMILY = "1,2";
			};
			name = Debug;
		};
		606F08F82A01DB0400CC3995 /* Release */ = {
			isa = XCBuildConfiguration;
			buildSettings = {
				ASSETCATALOG_COMPILER_APPICON_NAME = AppIcon;
				ASSETCATALOG_COMPILER_GLOBAL_ACCENT_COLOR_NAME = AccentColor;
				CODE_SIGN_STYLE = Automatic;
				CURRENT_PROJECT_VERSION = 1;
				DEVELOPMENT_ASSET_PATHS = "\"DailyTraining-SwiftUI/Preview Content\"";
				ENABLE_PREVIEWS = YES;
				GENERATE_INFOPLIST_FILE = YES;
				INFOPLIST_KEY_UIApplicationSceneManifest_Generation = YES;
				INFOPLIST_KEY_UIApplicationSupportsIndirectInputEvents = YES;
				INFOPLIST_KEY_UILaunchScreen_Generation = YES;
				INFOPLIST_KEY_UISupportedInterfaceOrientations_iPad = "UIInterfaceOrientationPortrait UIInterfaceOrientationPortraitUpsideDown UIInterfaceOrientationLandscapeLeft UIInterfaceOrientationLandscapeRight";
				INFOPLIST_KEY_UISupportedInterfaceOrientations_iPhone = "UIInterfaceOrientationPortrait UIInterfaceOrientationLandscapeLeft UIInterfaceOrientationLandscapeRight";
				LD_RUNPATH_SEARCH_PATHS = (
					"$(inherited)",
					"@executable_path/Frameworks",
				);
				MARKETING_VERSION = 1.0;
				PRODUCT_BUNDLE_IDENTIFIER = "com.personal.DailyTraining-SwiftUI";
				PRODUCT_NAME = "$(TARGET_NAME)";
				SWIFT_EMIT_LOC_STRINGS = YES;
				SWIFT_VERSION = 5.0;
				TARGETED_DEVICE_FAMILY = "1,2";
			};
			name = Release;
		};
		606F08FA2A01DB0400CC3995 /* Debug */ = {
			isa = XCBuildConfiguration;
			buildSettings = {
				ALWAYS_EMBED_SWIFT_STANDARD_LIBRARIES = YES;
				BUNDLE_LOADER = "$(TEST_HOST)";
				CODE_SIGN_STYLE = Automatic;
				CURRENT_PROJECT_VERSION = 1;
				GENERATE_INFOPLIST_FILE = YES;
				IPHONEOS_DEPLOYMENT_TARGET = 16.2;
				MARKETING_VERSION = 1.0;
				PRODUCT_BUNDLE_IDENTIFIER = "com.personal.DailyTraining-SwiftUITests";
				PRODUCT_NAME = "$(TARGET_NAME)";
				SWIFT_EMIT_LOC_STRINGS = NO;
				SWIFT_VERSION = 5.0;
				TARGETED_DEVICE_FAMILY = "1,2";
				TEST_HOST = "$(BUILT_PRODUCTS_DIR)/DailyTraining-SwiftUI.app/$(BUNDLE_EXECUTABLE_FOLDER_PATH)/DailyTraining-SwiftUI";
			};
			name = Debug;
		};
		606F08FB2A01DB0400CC3995 /* Release */ = {
			isa = XCBuildConfiguration;
			buildSettings = {
				ALWAYS_EMBED_SWIFT_STANDARD_LIBRARIES = YES;
				BUNDLE_LOADER = "$(TEST_HOST)";
				CODE_SIGN_STYLE = Automatic;
				CURRENT_PROJECT_VERSION = 1;
				GENERATE_INFOPLIST_FILE = YES;
				IPHONEOS_DEPLOYMENT_TARGET = 16.2;
				MARKETING_VERSION = 1.0;
				PRODUCT_BUNDLE_IDENTIFIER = "com.personal.DailyTraining-SwiftUITests";
				PRODUCT_NAME = "$(TARGET_NAME)";
				SWIFT_EMIT_LOC_STRINGS = NO;
				SWIFT_VERSION = 5.0;
				TARGETED_DEVICE_FAMILY = "1,2";
				TEST_HOST = "$(BUILT_PRODUCTS_DIR)/DailyTraining-SwiftUI.app/$(BUNDLE_EXECUTABLE_FOLDER_PATH)/DailyTraining-SwiftUI";
			};
			name = Release;
		};
		606F08FD2A01DB0400CC3995 /* Debug */ = {
			isa = XCBuildConfiguration;
			buildSettings = {
				ALWAYS_EMBED_SWIFT_STANDARD_LIBRARIES = YES;
				CODE_SIGN_STYLE = Automatic;
				CURRENT_PROJECT_VERSION = 1;
				GENERATE_INFOPLIST_FILE = YES;
				MARKETING_VERSION = 1.0;
				PRODUCT_BUNDLE_IDENTIFIER = "com.personal.DailyTraining-SwiftUIUITests";
				PRODUCT_NAME = "$(TARGET_NAME)";
				SWIFT_EMIT_LOC_STRINGS = NO;
				SWIFT_VERSION = 5.0;
				TARGETED_DEVICE_FAMILY = "1,2";
				TEST_TARGET_NAME = "DailyTraining-SwiftUI";
			};
			name = Debug;
		};
		606F08FE2A01DB0400CC3995 /* Release */ = {
			isa = XCBuildConfiguration;
			buildSettings = {
				ALWAYS_EMBED_SWIFT_STANDARD_LIBRARIES = YES;
				CODE_SIGN_STYLE = Automatic;
				CURRENT_PROJECT_VERSION = 1;
				GENERATE_INFOPLIST_FILE = YES;
				MARKETING_VERSION = 1.0;
				PRODUCT_BUNDLE_IDENTIFIER = "com.personal.DailyTraining-SwiftUIUITests";
				PRODUCT_NAME = "$(TARGET_NAME)";
				SWIFT_EMIT_LOC_STRINGS = NO;
				SWIFT_VERSION = 5.0;
				TARGETED_DEVICE_FAMILY = "1,2";
				TEST_TARGET_NAME = "DailyTraining-SwiftUI";
			};
			name = Release;
		};
/* End XCBuildConfiguration section */

/* Begin XCConfigurationList section */
		606F08CD2A01DB0000CC3995 /* Build configuration list for PBXProject "DailyTraining-SwiftUI" */ = {
			isa = XCConfigurationList;
			buildConfigurations = (
				606F08F42A01DB0400CC3995 /* Debug */,
				606F08F52A01DB0400CC3995 /* Release */,
			);
			defaultConfigurationIsVisible = 0;
			defaultConfigurationName = Release;
		};
		606F08F62A01DB0400CC3995 /* Build configuration list for PBXNativeTarget "DailyTraining-SwiftUI" */ = {
			isa = XCConfigurationList;
			buildConfigurations = (
				606F08F72A01DB0400CC3995 /* Debug */,
				606F08F82A01DB0400CC3995 /* Release */,
			);
			defaultConfigurationIsVisible = 0;
			defaultConfigurationName = Release;
		};
		606F08F92A01DB0400CC3995 /* Build configuration list for PBXNativeTarget "DailyTraining-SwiftUITests" */ = {
			isa = XCConfigurationList;
			buildConfigurations = (
				606F08FA2A01DB0400CC3995 /* Debug */,
				606F08FB2A01DB0400CC3995 /* Release */,
			);
			defaultConfigurationIsVisible = 0;
			defaultConfigurationName = Release;
		};
		606F08FC2A01DB0400CC3995 /* Build configuration list for PBXNativeTarget "DailyTraining-SwiftUIUITests" */ = {
			isa = XCConfigurationList;
			buildConfigurations = (
				606F08FD2A01DB0400CC3995 /* Debug */,
				606F08FE2A01DB0400CC3995 /* Release */,
			);
			defaultConfigurationIsVisible = 0;
			defaultConfigurationName = Release;
		};
/* End XCConfigurationList section */
	};
	rootObject = 606F08CA2A01DB0000CC3995 /* Project object */;
}
